PODS:
  - Cache (4.2.0)
  - Gallery (2.0.6):
    - JPSVolumeButtonHandler
  - Hue (3.0.1)
  - Imaginary (3.0.3):
    - Cache (~> 4.0)
  - JPSVolumeButtonHandler (1.0.5)
  - Lightbox (2.1.2):
    - Hue (~> 3.0)
    - Imaginary (~> 3.0)
  - SVProgressHUD (2.2.5)

DEPENDENCIES:
  - Gallery (from `../../`)
  - Hue
  - Lightbox
  - SVProgressHUD

SPEC REPOS:
  https://github.com/CocoaPods/Specs.git:
    - Cache
    - Hue
    - Imaginary
    - JPSVolumeButtonHandler
    - Lightbox
    - SVProgressHUD

EXTERNAL SOURCES:
  Gallery:
    :path: "../../"

SPEC CHECKSUMS:
  Cache: f28f8dd64b632155aabf9b3906b036a659048251
  Gallery: cd92555aa76f12341cc90c4fe5d8dc2c7cbde9ae
  Hue: 93e852fa6211ab35922ad8c293f51c43d6c79eb2
  Imaginary: 9b45836a5af881f452a86e0a1215772ae4712d00
  JPSVolumeButtonHandler: 53110330c9168ed325def93eabff39f0fe3e8082
  Lightbox: 2dc267df8be2285bc7724cb11cbbf4aaaf59dced
  SVProgressHUD: 1428aafac632c1f86f62aa4243ec12008d7a51d6

PODFILE CHECKSUM: c95332f23ba226af26fd7b4ba1d3ffabf7836bf0

COCOAPODS: 1.5.0
